# This file is automatically @generated by Cargo.
# It is not intended for manual editing.
version = 4

[[package]]
name = "embedded-f32-sqrt"
version = "0.2.0"
source = "registry+https://github.com/rust-lang/crates.io-index"
checksum = "2cb34de8cdbd96b4cdd81ebf6d45946f56cbf5c5e98b127e833af8a9628d015d"

[[package]]
name = "embedded-stats-f32"
version = "0.2.0"
dependencies = [
 "embedded-f32-sqrt",
]
